// !$*UTF8*$!
{
	archiveVersion = 1;
	classes = {
	};
	objectVersion = 46;
	objects = {

/* Begin PBXBuildFile section */
		99FD94B51A2228D5000EE96B /* main.m in Sources */ = {isa = PBXBuildFile; fileRef = 99FD94B41A2228D5000EE96B /* main.m */; };
		99FD94B81A2228D5000EE96B /* AppDelegate.m in Sources */ = {isa = PBXBuildFile; fileRef = 99FD94B71A2228D5000EE96B /* AppDelegate.m */; };
		99FD94BB1A2228D5000EE96B /* ViewController.m in Sources */ = {isa = PBXBuildFile; fileRef = 99FD94BA1A2228D5000EE96B /* ViewController.m */; };
		99FD94BE1A2228D5000EE96B /* Main.storyboard in Resources */ = {isa = PBXBuildFile; fileRef = 99FD94BC1A2228D5000EE96B /* Main.storyboard */; };
		99FD94C01A2228D5000EE96B /* Images.xcassets in Resources */ = {isa = PBXBuildFile; fileRef = 99FD94BF1A2228D5000EE96B /* Images.xcassets */; };
		99FD94C31A2228D5000EE96B /* LaunchScreen.xib in Resources */ = {isa = PBXBuildFile; fileRef = 99FD94C11A2228D5000EE96B /* LaunchScreen.xib */; };
		99FD94CF1A2228D5000EE96B /* DynamicTableViewCellHeightTests.m in Sources */ = {isa = PBXBuildFile; fileRef = 99FD94CE1A2228D5000EE96B /* DynamicTableViewCellHeightTests.m */; };
		99FD94DA1A2229EE000EE96B /* QuoteTableViewCell.m in Sources */ = {isa = PBXBuildFile; fileRef = 99FD94D91A2229EE000EE96B /* QuoteTableViewCell.m */; };
		99FD94DC1A222CE9000EE96B /* quotes.plist in Resources */ = {isa = PBXBuildFile; fileRef = 99FD94DB1A222CE9000EE96B /* quotes.plist */; };
/* End PBXBuildFile section */

/* Begin PBXContainerItemProxy section */
		99FD94C91A2228D5000EE96B /* PBXContainerItemProxy */ = {
			isa = PBXContainerItemProxy;
			containerPortal = 99FD94A71A2228D5000EE96B /* Project object */;
			proxyType = 1;
			remoteGlobalIDString = 99FD94AE1A2228D5000EE96B;
			remoteInfo = DynamicTableViewCellHeight;
		};
/* End PBXContainerItemProxy section */

/* Begin PBXFileReference section */
		99FD94AF1A2228D5000EE96B /* DynamicTableViewCellHeight.app */ = {isa = PBXFileReference; explicitFileType = wrapper.application; includeInIndex = 0; path = DynamicTableViewCellHeight.app; sourceTree = BUILT_PRODUCTS_DIR; };
		99FD94B31A2228D5000EE96B /* Info.plist */ = {isa = PBXFileReference; lastKnownFileType = text.plist.xml; path = Info.plist; sourceTree = "<group>"; };
		99FD94B41A2228D5000EE96B /* main.m */ = {isa = PBXFileReference; lastKnownFileType = sourcecode.c.objc; path = main.m; sourceTree = "<group>"; };
		99FD94B61A2228D5000EE96B /* AppDelegate.h */ = {isa = PBXFileReference; lastKnownFileType = sourcecode.c.h; path = AppDelegate.h; sourceTree = "<group>"; };
		99FD94B71A2228D5000EE96B /* AppDelegate.m */ = {isa = PBXFileReference; lastKnownFileType = sourcecode.c.objc; path = AppDelegate.m; sourceTree = "<group>"; };
		99FD94B91A2228D5000EE96B /* ViewController.h */ = {isa = PBXFileReference; lastKnownFileType = sourcecode.c.h; path = ViewController.h; sourceTree = "<group>"; };
		99FD94BA1A2228D5000EE96B /* ViewController.m */ = {isa = PBXFileReference; lastKnownFileType = sourcecode.c.objc; path = ViewController.m; sourceTree = "<group>"; };
		99FD94BD1A2228D5000EE96B /* Base */ = {isa = PBXFileReference; lastKnownFileType = file.storyboard; name = Base; path = Base.lproj/Main.storyboard; sourceTree = "<group>"; };
		99FD94BF1A2228D5000EE96B /* Images.xcassets */ = {isa = PBXFileReference; lastKnownFileType = folder.assetcatalog; path = Images.xcassets; sourceTree = "<group>"; };
		99FD94C21A2228D5000EE96B /* Base */ = {isa = PBXFileReference; lastKnownFileType = file.xib; name = Base; path = Base.lproj/LaunchScreen.xib; sourceTree = "<group>"; };
		99FD94C81A2228D5000EE96B /* DynamicTableViewCellHeightTests.xctest */ = {isa = PBXFileReference; explicitFileType = wrapper.cfbundle; includeInIndex = 0; path = DynamicTableViewCellHeightTests.xctest; sourceTree = BUILT_PRODUCTS_DIR; };
		99FD94CD1A2228D5000EE96B /* Info.plist */ = {isa = PBXFileReference; lastKnownFileType = text.plist.xml; path = Info.plist; sourceTree = "<group>"; };
		99FD94CE1A2228D5000EE96B /* DynamicTableViewCellHeightTests.m */ = {isa = PBXFileReference; lastKnownFileType = sourcecode.c.objc; path = DynamicTableViewCellHeightTests.m; sourceTree = "<group>"; };
		99FD94D81A2229EE000EE96B /* QuoteTableViewCell.h */ = {isa = PBXFileReference; fileEncoding = 4; lastKnownFileType = sourcecode.c.h; path = QuoteTableViewCell.h; sourceTree = "<group>"; };
		99FD94D91A2229EE000EE96B /* QuoteTableViewCell.m */ = {isa = PBXFileReference; fileEncoding = 4; lastKnownFileType = sourcecode.c.objc; path = QuoteTableViewCell.m; sourceTree = "<group>"; };
		99FD94DB1A222CE9000EE96B /* quotes.plist */ = {isa = PBXFileReference; fileEncoding = 4; lastKnownFileType = text.plist.xml; path = quotes.plist; sourceTree = "<group>"; };
/* End PBXFileReference section */

/* Begin PBXFrameworksBuildPhase section */
		99FD94AC1A2228D5000EE96B /* Frameworks */ = {
			isa = PBXFrameworksBuildPhase;
			buildActionMask = 2147483647;
			files = (
			);
			runOnlyForDeploymentPostprocessing = 0;
		};
		99FD94C51A2228D5000EE96B /* Frameworks */ = {
			isa = PBXFrameworksBuildPhase;
			buildActionMask = 2147483647;
			files = (
			);
			runOnlyForDeploymentPostprocessing = 0;
		};
/* End PBXFrameworksBuildPhase section */

/* Begin PBXGroup section */
		99FD94A61A2228D5000EE96B = {
			isa = PBXGroup;
			children = (
				99FD94B11A2228D5000EE96B /* DynamicTableViewCellHeight */,
				99FD94CB1A2228D5000EE96B /* DynamicTableViewCellHeightTests */,
				99FD94B01A2228D5000EE96B /* Products */,
			);
			sourceTree = "<group>";
		};
		99FD94B01A2228D5000EE96B /* Products */ = {
			isa = PBXGroup;
			children = (
				99FD94AF1A2228D5000EE96B /* DynamicTableViewCellHeight.app */,
				99FD94C81A2228D5000EE96B /* DynamicTableViewCellHeightTests.xctest */,
			);
			name = Products;
			sourceTree = "<group>";
		};
		99FD94B11A2228D5000EE96B /* DynamicTableViewCellHeight */ = {
			isa = PBXGroup;
			children = (
				99FD94B61A2228D5000EE96B /* AppDelegate.h */,
				99FD94B71A2228D5000EE96B /* AppDelegate.m */,
				99FD94B91A2228D5000EE96B /* ViewController.h */,
				99FD94BA1A2228D5000EE96B /* ViewController.m */,
				99FD94BC1A2228D5000EE96B /* Main.storyboard */,
				99FD94BF1A2228D5000EE96B /* Images.xcassets */,
				99FD94C11A2228D5000EE96B /* LaunchScreen.xib */,
				99FD94B21A2228D5000EE96B /* Supporting Files */,
				99FD94D81A2229EE000EE96B /* QuoteTableViewCell.h */,
				99FD94D91A2229EE000EE96B /* QuoteTableViewCell.m */,
				99FD94DB1A222CE9000EE96B /* quotes.plist */,
			);
			path = DynamicTableViewCellHeight;
			sourceTree = "<group>";
		};
		99FD94B21A2228D5000EE96B /* Supporting Files */ = {
			isa = PBXGroup;
			children = (
				99FD94B31A2228D5000EE96B /* Info.plist */,
				99FD94B41A2228D5000EE96B /* main.m */,
			);
			name = "Supporting Files";
			sourceTree = "<group>";
		};
		99FD94CB1A2228D5000EE96B /* DynamicTableViewCellHeightTests */ = {
			isa = PBXGroup;
			children = (
				99FD94CE1A2228D5000EE96B /* DynamicTableViewCellHeightTests.m */,
				99FD94CC1A2228D5000EE96B /* Supporting Files */,
			);
			path = DynamicTableViewCellHeightTests;
			sourceTree = "<group>";
		};
		99FD94CC1A2228D5000EE96B /* Supporting Files */ = {
			isa = PBXGroup;
			children = (
				99FD94CD1A2228D5000EE96B /* Info.plist */,
			);
			name = "Supporting Files";
			sourceTree = "<group>";
		};
/* End PBXGroup section */

/* Begin PBXNativeTarget section */
		99FD94AE1A2228D5000EE96B /* DynamicTableViewCellHeight */ = {
			isa = PBXNativeTarget;
			buildConfigurationList = 99FD94D21A2228D5000EE96B /* Build configuration list for PBXNativeTarget "DynamicTableViewCellHeight" */;
			buildPhases = (
				99FD94AB1A2228D5000EE96B /* Sources */,
				99FD94AC1A2228D5000EE96B /* Frameworks */,
				99FD94AD1A2228D5000EE96B /* Resources */,
			);
			buildRules = (
			);
			dependencies = (
			);
			name = DynamicTableViewCellHeight;
			productName = DynamicTableViewCellHeight;
			productReference = 99FD94AF1A2228D5000EE96B /* DynamicTableViewCellHeight.app */;
			productType = "com.apple.product-type.application";
		};
		99FD94C71A2228D5000EE96B /* DynamicTableViewCellHeightTests */ = {
			isa = PBXNativeTarget;
			buildConfigurationList = 99FD94D51A2228D5000EE96B /* Build configuration list for PBXNativeTarget "DynamicTableViewCellHeightTests" */;
			buildPhases = (
				99FD94C41A2228D5000EE96B /* Sources */,
				99FD94C51A2228D5000EE96B /* Frameworks */,
				99FD94C61A2228D5000EE96B /* Resources */,
			);
			buildRules = (
			);
			dependencies = (
				99FD94CA1A2228D5000EE96B /* PBXTargetDependency */,
			);
			name = DynamicTableViewCellHeightTests;
			productName = DynamicTableViewCellHeightTests;
			productReference = 99FD94C81A2228D5000EE96B /* DynamicTableViewCellHeightTests.xctest */;
			productType = "com.apple.product-type.bundle.unit-test";
		};
/* End PBXNativeTarget section */

/* Begin PBXProject section */
		99FD94A71A2228D5000EE96B /* Project object */ = {
			isa = PBXProject;
			attributes = {
				LastUpgradeCheck = 0610;
				ORGANIZATIONNAME = Fantageek;
				TargetAttributes = {
					99FD94AE1A2228D5000EE96B = {
						CreatedOnToolsVersion = 6.1;
					};
					99FD94C71A2228D5000EE96B = {
						CreatedOnToolsVersion = 6.1;
						TestTargetID = 99FD94AE1A2228D5000EE96B;
					};
				};
			};
			buildConfigurationList = 99FD94AA1A2228D5000EE96B /* Build configuration list for PBXProject "DynamicTableViewCellHeight" */;
			compatibilityVersion = "Xcode 3.2";
			developmentRegion = English;
			hasScannedForEncodings = 0;
			knownRegions = (
				en,
				Base,
			);
			mainGroup = 99FD94A61A2228D5000EE96B;
			productRefGroup = 99FD94B01A2228D5000EE96B /* Products */;
			projectDirPath = "";
			projectRoot = "";
			targets = (
				99FD94AE1A2228D5000EE96B /* DynamicTableViewCellHeight */,
				99FD94C71A2228D5000EE96B /* DynamicTableViewCellHeightTests */,
			);
		};
/* End PBXProject section */

/* Begin PBXResourcesBuildPhase section */
		99FD94AD1A2228D5000EE96B /* Resources */ = {
			isa = PBXResourcesBuildPhase;
			buildActionMask = 2147483647;
			files = (
				99FD94BE1A2228D5000EE96B /* Main.storyboard in Resources */,
				99FD94C31A2228D5000EE96B /* LaunchScreen.xib in Resources */,
				99FD94C01A2228D5000EE96B /* Images.xcassets in Resources */,
				99FD94DC1A222CE9000EE96B /* quotes.plist in Resources */,
			);
			runOnlyForDeploymentPostprocessing = 0;
		};
		99FD94C61A2228D5000EE96B /* Resources */ = {
			isa = PBXResourcesBuildPhase;
			buildActionMask = 2147483647;
			files = (
			);
			runOnlyForDeploymentPostprocessing = 0;
		};
/* End PBXResourcesBuildPhase section */

/* Begin PBXSourcesBuildPhase section */
		99FD94AB1A2228D5000EE96B /* Sources */ = {
			isa = PBXSourcesBuildPhase;
			buildActionMask = 2147483647;
			files = (
				99FD94DA1A2229EE000EE96B /* QuoteTableViewCell.m in Sources */,
				99FD94BB1A2228D5000EE96B /* ViewController.m in Sources */,
				99FD94B81A2228D5000EE96B /* AppDelegate.m in Sources */,
				99FD94B51A2228D5000EE96B /* main.m in Sources */,
			);
			runOnlyForDeploymentPostprocessing = 0;
		};
		99FD94C41A2228D5000EE96B /* Sources */ = {
			isa = PBXSourcesBuildPhase;
			buildActionMask = 2147483647;
			files = (
				99FD94CF1A2228D5000EE96B /* DynamicTableViewCellHeightTests.m in Sources */,
			);
			runOnlyForDeploymentPostprocessing = 0;
		};
/* End PBXSourcesBuildPhase section */

/* Begin PBXTargetDependency section */
		99FD94CA1A2228D5000EE96B /* PBXTargetDependency */ = {
			isa = PBXTargetDependency;
			target = 99FD94AE1A2228D5000EE96B /* DynamicTableViewCellHeight */;
			targetProxy = 99FD94C91A2228D5000EE96B /* PBXContainerItemProxy */;
		};
/* End PBXTargetDependency section */

/* Begin PBXVariantGroup section */
		99FD94BC1A2228D5000EE96B /* Main.storyboard */ = {
			isa = PBXVariantGroup;
			children = (
				99FD94BD1A2228D5000EE96B /* Base */,
			);
			name = Main.storyboard;
			sourceTree = "<group>";
		};
		99FD94C11A2228D5000EE96B /* LaunchScreen.xib */ = {
			isa = PBXVariantGroup;
			children = (
				99FD94C21A2228D5000EE96B /* Base */,
			);
			name = LaunchScreen.xib;
			sourceTree = "<group>";
		};
/* End PBXVariantGroup section */

/* Begin XCBuildConfiguration section */
		99FD94D01A2228D5000EE96B /* Debug */ = {
			isa = XCBuildConfiguration;
			buildSettings = {
				ALWAYS_SEARCH_USER_PATHS = NO;
				CLANG_CXX_LANGUAGE_STANDARD = "gnu++0x";
				CLANG_CXX_LIBRARY = "libc++";
				CLANG_ENABLE_MODULES = YES;
				CLANG_ENABLE_OBJC_ARC = YES;
				CLANG_WARN_BOOL_CONVERSION = YES;
				CLANG_WARN_CONSTANT_CONVERSION = YES;
				CLANG_WARN_DIRECT_OBJC_ISA_USAGE = YES_ERROR;
				CLANG_WARN_EMPTY_BODY = YES;
				CLANG_WARN_ENUM_CONVERSION = YES;
				CLANG_WARN_INT_CONVERSION = YES;
				CLANG_WARN_OBJC_ROOT_CLASS = YES_ERROR;
				CLANG_WARN_UNREACHABLE_CODE = YES;
				CLANG_WARN__DUPLICATE_METHOD_MATCH = YES;
				"CODE_SIGN_IDENTITY[sdk=iphoneos*]" = "iPhone Developer";
				COPY_PHASE_STRIP = NO;
				ENABLE_STRICT_OBJC_MSGSEND = YES;
				GCC_C_LANGUAGE_STANDARD = gnu99;
				GCC_DYNAMIC_NO_PIC = NO;
				GCC_OPTIMIZATION_LEVEL = 0;
				GCC_PREPROCESSOR_DEFINITIONS = (
					"DEBUG=1",
					"$(inherited)",
				);
				GCC_SYMBOLS_PRIVATE_EXTERN = NO;
				GCC_WARN_64_TO_32_BIT_CONVERSION = YES;
				GCC_WARN_ABOUT_RETURN_TYPE = YES_ERROR;
				GCC_WARN_UNDECLARED_SELECTOR = YES;
				GCC_WARN_UNINITIALIZED_AUTOS = YES_AGGRESSIVE;
				GCC_WARN_UNUSED_FUNCTION = YES;
				GCC_WARN_UNUSED_VARIABLE = YES;
				IPHONEOS_DEPLOYMENT_TARGET = 8.1;
				MTL_ENABLE_DEBUG_INFO = YES;
				ONLY_ACTIVE_ARCH = YES;
				SDKROOT = iphoneos;
			};
			name = Debug;
		};
		99FD94D11A2228D5000EE96B /* Release */ = {
			isa = XCBuildConfiguration;
			buildSettings = {
				ALWAYS_SEARCH_USER_PATHS = NO;
				CLANG_CXX_LANGUAGE_STANDARD = "gnu++0x";
				CLANG_CXX_LIBRARY = "libc++";
				CLANG_ENABLE_MODULES = YES;
				CLANG_ENABLE_OBJC_ARC = YES;
				CLANG_WARN_BOOL_CONVERSION = YES;
				CLANG_WARN_CONSTANT_CONVERSION = YES;
				CLANG_WARN_DIRECT_OBJC_ISA_USAGE = YES_ERROR;
				CLANG_WARN_EMPTY_BODY = YES;
				CLANG_WARN_ENUM_CONVERSION = YES;
				CLANG_WARN_INT_CONVERSION = YES;
				CLANG_WARN_OBJC_ROOT_CLASS = YES_ERROR;
				CLANG_WARN_UNREACHABLE_CODE = YES;
				CLANG_WARN__DUPLICATE_METHOD_MATCH = YES;
				"CODE_SIGN_IDENTITY[sdk=iphoneos*]" = "iPhone Developer";
				COPY_PHASE_STRIP = YES;
				ENABLE_NS_ASSERTIONS = NO;
				ENABLE_STRICT_OBJC_MSGSEND = YES;
				GCC_C_LANGUAGE_STANDARD = gnu99;
				GCC_WARN_64_TO_32_BIT_CONVERSION = YES;
				GCC_WARN_ABOUT_RETURN_TYPE = YES_ERROR;
				GCC_WARN_UNDECLARED_SELECTOR = YES;
				GCC_WARN_UNINITIALIZED_AUTOS = YES_AGGRESSIVE;
				GCC_WARN_UNUSED_FUNCTION = YES;
				GCC_WARN_UNUSED_VARIABLE = YES;
				IPHONEOS_DEPLOYMENT_TARGET = 8.1;
				MTL_ENABLE_DEBUG_INFO = NO;
				SDKROOT = iphoneos;
				VALIDATE_PRODUCT = YES;
			};
			name = Release;
		};
		99FD94D31A2228D5000EE96B /* Debug */ = {
			isa = XCBuildConfiguration;
			buildSettings = {
				ASSETCATALOG_COMPILER_APPICON_NAME = AppIcon;
				INFOPLIST_FILE = DynamicTableViewCellHeight/Info.plist;
				LD_RUNPATH_SEARCH_PATHS = "$(inherited) @executable_path/Frameworks";
				PRODUCT_NAME = "$(TARGET_NAME)";
			};
			name = Debug;
		};
		99FD94D41A2228D5000EE96B /* Release */ = {
			isa = XCBuildConfiguration;
			buildSettings = {
				ASSETCATALOG_COMPILER_APPICON_NAME = AppIcon;
				INFOPLIST_FILE = DynamicTableViewCellHeight/Info.plist;
				LD_RUNPATH_SEARCH_PATHS = "$(inherited) @executable_path/Frameworks";
				PRODUCT_NAME = "$(TARGET_NAME)";
			};
			name = Release;
		};
		99FD94D61A2228D5000EE96B /* Debug */ = {
			isa = XCBuildConfiguration;
			buildSettings = {
				BUNDLE_LOADER = "$(TEST_HOST)";
				FRAMEWORK_SEARCH_PATHS = (
					"$(SDKROOT)/Developer/Library/Frameworks",
					"$(inherited)",
				);
				GCC_PREPROCESSOR_DEFINITIONS = (
					"DEBUG=1",
					"$(inherited)",
				);
				INFOPLIST_FILE = DynamicTableViewCellHeightTests/Info.plist;
				LD_RUNPATH_SEARCH_PATHS = "$(inherited) @executable_path/Frameworks @loader_path/Frameworks";
				PRODUCT_NAME = "$(TARGET_NAME)";
				TEST_HOST = "$(BUILT_PRODUCTS_DIR)/DynamicTableViewCellHeight.app/DynamicTableViewCellHeight";
			};
			name = Debug;
		};
		99FD94D71A2228D5000EE96B /* Release */ = {
			isa = XCBuildConfiguration;
			buildSettings = {
				BUNDLE_LOADER = "$(TEST_HOST)";
				FRAMEWORK_SEARCH_PATHS = (
					"$(SDKROOT)/Developer/Library/Frameworks",
					"$(inherited)",
				);
				INFOPLIST_FILE = DynamicTableViewCellHeightTests/Info.plist;
				LD_RUNPATH_SEARCH_PATHS = "$(inherited) @executable_path/Frameworks @loader_path/Frameworks";
				PRODUCT_NAME = "$(TARGET_NAME)";
				TEST_HOST = "$(BUILT_PRODUCTS_DIR)/DynamicTableViewCellHeight.app/DynamicTableViewCellHeight";
			};
			name = Release;
		};
/* End XCBuildConfiguration section */

/* Begin XCConfigurationList section */
		99FD94AA1A2228D5000EE96B /* Build configuration list for PBXProject "DynamicTableViewCellHeight" */ = {
			isa = XCConfigurationList;
			buildConfigurations = (
				99FD94D01A2228D5000EE96B /* Debug */,
				99FD94D11A2228D5000EE96B /* Release */,
			);
			defaultConfigurationIsVisible = 0;
			defaultConfigurationName = Release;
		};
		99FD94D21A2228D5000EE96B /* Build configuration list for PBXNativeTarget "DynamicTableViewCellHeight" */ = {
			isa = XCConfigurationList;
			buildConfigurations = (
				99FD94D31A2228D5000EE96B /* Debug */,
				99FD94D41A2228D5000EE96B /* Release */,
			);
			defaultConfigurationIsVisible = 0;
		};
		99FD94D51A2228D5000EE96B /* Build configuration list for PBXNativeTarget "DynamicTableViewCellHeightTests" */ = {
			isa = XCConfigurationList;
			buildConfigurations = (
				99FD94D61A2228D5000EE96B /* Debug */,
				99FD94D71A2228D5000EE96B /* Release */,
			);
			defaultConfigurationIsVisible = 0;
		};
/* End XCConfigurationList section */
	};
	rootObject = 99FD94A71A2228D5000EE96B /* Project object */;
}
